
Microsoft Visual Studio Solution File, Format Version 12.00
# Visual Studio Version 17
VisualStudioVersion = 17.1.31911.260
MinimumVisualStudioVersion = 10.0.40219.1
Project("{9A19103F-16F7-4668-BE54-9A1E7A4F7556}") = "Music.Server.Service", "Music.Server.Service\Music.Server.Service.csproj", "{3E2DF604-6F17-4B46-9AE4-FC9F6EA7B70F}"
EndProject
Project("{9A19103F-16F7-4668-BE54-9A1E7A4F7556}") = "Music.Server", "Music\Server\Music.Server.csproj", "{DAEB9F07-8241-4055-8551-0731A67A00C5}"
EndProject
Project("{9A19103F-16F7-4668-BE54-9A1E7A4F7556}") = "Music.Client", "Music\Client\Music.Client.csproj", "{DBC33DED-E56D-4CDC-8D62-E69CD997EB7C}"
EndProject
Project("{9A19103F-16F7-4668-BE54-9A1E7A4F7556}") = "Music.Shared", "Music\Shared\Music.Shared.csproj", "{0158FCD1-90D8-43AD-98A6-0805EE93549D}"
EndProject
Global
	GlobalSection(SolutionConfigurationPlatforms) = preSolution
		Debug|Any CPU = Debug|Any CPU
		Debug|x64 = Debug|x64
		Debug|x86 = Debug|x86
		Release|Any CPU = Release|Any CPU
		Release|x64 = Release|x64
		Release|x86 = Release|x86
	EndGlobalSection
	GlobalSection(ProjectConfigurationPlatforms) = postSolution
		{3E2DF604-6F17-4B46-9AE4-FC9F6EA7B70F}.Debug|Any CPU.ActiveCfg = Debug|Any CPU
		{3E2DF604-6F17-4B46-9AE4-FC9F6EA7B70F}.Debug|Any CPU.Build.0 = Debug|Any CPU
		{3E2DF604-6F17-4B46-9AE4-FC9F6EA7B70F}.Debug|x64.ActiveCfg = Debug|Any CPU
		{3E2DF604-6F17-4B46-9AE4-FC9F6EA7B70F}.Debug|x64.Build.0 = Debug|Any CPU
		{3E2DF604-6F17-4B46-9AE4-FC9F6EA7B70F}.Debug|x86.ActiveCfg = Debug|Any CPU
		{3E2DF604-6F17-4B46-9AE4-FC9F6EA7B70F}.Debug|x86.Build.0 = Debug|Any CPU
		{3E2DF604-6F17-4B46-9AE4-FC9F6EA7B70F}.Release|Any CPU.ActiveCfg = Release|Any CPU
		{3E2DF604-6F17-4B46-9AE4-FC9F6EA7B70F}.Release|Any CPU.Build.0 = Release|Any CPU
		{3E2DF604-6F17-4B46-9AE4-FC9F6EA7B70F}.Release|x64.ActiveCfg = Release|Any CPU
		{3E2DF604-6F17-4B46-9AE4-FC9F6EA7B70F}.Release|x64.Build.0 = Release|Any CPU
		{3E2DF604-6F17-4B46-9AE4-FC9F6EA7B70F}.Release|x86.ActiveCfg = Release|Any CPU
		{3E2DF604-6F17-4B46-9AE4-FC9F6EA7B70F}.Release|x86.Build.0 = Release|Any CPU
		{DAEB9F07-8241-4055-8551-0731A67A00C5}.Debug|Any CPU.ActiveCfg = Debug|Any CPU
		{DAEB9F07-8241-4055-8551-0731A67A00C5}.Debug|Any CPU.Build.0 = Debug|Any CPU
		{DAEB9F07-8241-4055-8551-0731A67A00C5}.Debug|x64.ActiveCfg = Debug|Any CPU
		{DAEB9F07-8241-4055-8551-0731A67A00C5}.Debug|x64.Build.0 = Debug|Any CPU
		{DAEB9F07-8241-4055-8551-0731A67A00C5}.Debug|x86.ActiveCfg = Debug|Any CPU
		{DAEB9F07-8241-4055-8551-0731A67A00C5}.Debug|x86.Build.0 = Debug|Any CPU
		{DAEB9F07-8241-4055-8551-0731A67A00C5}.Release|Any CPU.ActiveCfg = Release|Any CPU
		{DAEB9F07-8241-4055-8551-0731A67A00C5}.Release|Any CPU.Build.0 = Release|Any CPU
		{DAEB9F07-8241-4055-8551-0731A67A00C5}.Release|x64.ActiveCfg = Release|Any CPU
		{DAEB9F07-8241-4055-8551-0731A67A00C5}.Release|x64.Build.0 = Release|Any CPU
		{DAEB9F07-8241-4055-8551-0731A67A00C5}.Release|x86.ActiveCfg = Release|Any CPU
		{DAEB9F07-8241-4055-8551-0731A67A00C5}.Release|x86.Build.0 = Release|Any CPU
		{DBC33DED-E56D-4CDC-8D62-E69CD997EB7C}.Debug|Any CPU.ActiveCfg = Debug|Any CPU
		{DBC33DED-E56D-4CDC-8D62-E69CD997EB7C}.Debug|Any CPU.Build.0 = Debug|Any CPU
		{DBC33DED-E56D-4CDC-8D62-E69CD997EB7C}.Debug|x64.ActiveCfg = Debug|Any CPU
		{DBC33DED-E56D-4CDC-8D62-E69CD997EB7C}.Debug|x64.Build.0 = Debug|Any CPU
		{DBC33DED-E56D-4CDC-8D62-E69CD997EB7C}.Debug|x86.ActiveCfg = Debug|Any CPU
		{DBC33DED-E56D-4CDC-8D62-E69CD997EB7C}.Debug|x86.Build.0 = Debug|Any CPU
		{DBC33DED-E56D-4CDC-8D62-E69CD997EB7C}.Release|Any CPU.ActiveCfg = Release|Any CPU
		{DBC33DED-E56D-4CDC-8D62-E69CD997EB7C}.Release|Any CPU.Build.0 = Release|Any CPU
		{DBC33DED-E56D-4CDC-8D62-E69CD997EB7C}.Release|x64.ActiveCfg = Release|Any CPU
		{DBC33DED-E56D-4CDC-8D62-E69CD997EB7C}.Release|x64.Build.0 = Release|Any CPU
		{DBC33DED-E56D-4CDC-8D62-E69CD997EB7C}.Release|x86.ActiveCfg = Release|Any CPU
		{DBC33DED-E56D-4CDC-8D62-E69CD997EB7C}.Release|x86.Build.0 = Release|Any CPU
		{0158FCD1-90D8-43AD-98A6-0805EE93549D}.Debug|Any CPU.ActiveCfg = Debug|Any CPU
		{0158FCD1-90D8-43AD-98A6-0805EE93549D}.Debug|Any CPU.Build.0 = Debug|Any CPU
		{0158FCD1-90D8-43AD-98A6-0805EE93549D}.Debug|x64.ActiveCfg = Debug|Any CPU
		{0158FCD1-90D8-43AD-98A6-0805EE93549D}.Debug|x64.Build.0 = Debug|Any CPU
		{0158FCD1-90D8-43AD-98A6-0805EE93549D}.Debug|x86.ActiveCfg = Debug|Any CPU
		{0158FCD1-90D8-43AD-98A6-0805EE93549D}.Debug|x86.Build.0 = Debug|Any CPU
		{0158FCD1-90D8-43AD-98A6-0805EE93549D}.Release|Any CPU.ActiveCfg = Release|Any CPU
		{0158FCD1-90D8-43AD-98A6-0805EE93549D}.Release|Any CPU.Build.0 = Release|Any CPU
		{0158FCD1-90D8-43AD-98A6-0805EE93549D}.Release|x64.ActiveCfg = Release|Any CPU
		{0158FCD1-90D8-43AD-98A6-0805EE93549D}.Release|x64.Build.0 = Release|Any CPU
		{0158FCD1-90D8-43AD-98A6-0805EE93549D}.Release|x86.ActiveCfg = Release|Any CPU
		{0158FCD1-90D8-43AD-98A6-0805EE93549D}.Release|x86.Build.0 = Release|Any CPU
	EndGlobalSection
	GlobalSection(SolutionProperties) = preSolution
		HideSolutionNode = FALSE
	EndGlobalSection
	GlobalSection(ExtensibilityGlobals) = postSolution
		SolutionGuid = {E4F1C954-8E1D-4A22-8D28-4D4F8DFFD975}
	EndGlobalSection
EndGlobal
